
Microsoft Visual Studio Solution File, Format Version 12.00
# Visual Studio Version 16
VisualStudioVersion = 16.0.31025.194
MinimumVisualStudioVersion = 10.0.40219.1
Project("{9A19103F-16F7-4668-BE54-9A1E7A4F7556}") = "PuzzlesAPI_Project", "PuzzlesAPI_Project\PuzzlesAPI_Project.csproj", "{DD57956D-0BBD-42DE-ADFD-930662B1EB80}"
EndProject
Project("{9A19103F-16F7-4668-BE54-9A1E7A4F7556}") = "PuzzlesAPI_UnitTest", "Test\PuzzlesAPI_UnitTest\PuzzlesAPI_UnitTest.csproj", "{0D960CE1-AD81-4D65-B170-1D1AAEAA2D29}"
EndProject
Project("{2150E333-8FDC-42A3-9474-1A3956D46DE8}") = "Solution Items", "Solution Items", "{675251EF-2E40-4653-82CF-38CE29D8FA43}"
	ProjectSection(SolutionItems) = preProject
		.github\workflows\main_puzzlesAPI.yml = .github\workflows\main_puzzlesAPI.yml
	EndProjectSection
EndProject
Global
	GlobalSection(SolutionConfigurationPlatforms) = preSolution
		Debug|Any CPU = Debug|Any CPU
		Release|Any CPU = Release|Any CPU
	EndGlobalSection
	GlobalSection(ProjectConfigurationPlatforms) = postSolution
		{DD57956D-0BBD-42DE-ADFD-930662B1EB80}.Debug|Any CPU.ActiveCfg = Debug|Any CPU
		{DD57956D-0BBD-42DE-ADFD-930662B1EB80}.Debug|Any CPU.Build.0 = Debug|Any CPU
		{DD57956D-0BBD-42DE-ADFD-930662B1EB80}.Release|Any CPU.ActiveCfg = Release|Any CPU
		{DD57956D-0BBD-42DE-ADFD-930662B1EB80}.Release|Any CPU.Build.0 = Release|Any CPU
		{0D960CE1-AD81-4D65-B170-1D1AAEAA2D29}.Debug|Any CPU.ActiveCfg = Debug|Any CPU
		{0D960CE1-AD81-4D65-B170-1D1AAEAA2D29}.Debug|Any CPU.Build.0 = Debug|Any CPU
		{0D960CE1-AD81-4D65-B170-1D1AAEAA2D29}.Release|Any CPU.ActiveCfg = Release|Any CPU
		{0D960CE1-AD81-4D65-B170-1D1AAEAA2D29}.Release|Any CPU.Build.0 = Release|Any CPU
	EndGlobalSection
	GlobalSection(SolutionProperties) = preSolution
		HideSolutionNode = FALSE
	EndGlobalSection
	GlobalSection(ExtensibilityGlobals) = postSolution
		SolutionGuid = {5DA37829-D92B-4A0D-BB4E-BEFD2085F6DA}
	EndGlobalSection
EndGlobal
